
Microsoft Visual Studio Solution File, Format Version 12.00
# Visual Studio 15
VisualStudioVersion = 15.0.28010.2026
MinimumVisualStudioVersion = 10.0.40219.1
Project("{8BC9CEB8-8B4A-11D0-8D11-00A0C91BC942}") = "Project19", "Project19\Project19.vcxproj", "{901E0BAD-B589-4A03-8684-5666B9AC706C}"
EndProject
Global
	GlobalSection(SolutionConfigurationPlatforms) = preSolution
		Debug|x64 = Debug|x64
		Debug|x86 = Debug|x86
		Release|x64 = Release|x64
		Release|x86 = Release|x86
	EndGlobalSection
	GlobalSection(ProjectConfigurationPlatforms) = postSolution
		{901E0BAD-B589-4A03-8684-5666B9AC706C}.Debug|x64.ActiveCfg = Debug|x64
		{901E0BAD-B589-4A03-8684-5666B9AC706C}.Debug|x64.Build.0 = Debug|x64
		{901E0BAD-B589-4A03-8684-5666B9AC706C}.Debug|x86.ActiveCfg = Debug|Win32
		{901E0BAD-B589-4A03-8684-5666B9AC706C}.Debug|x86.Build.0 = Debug|Win32
		{901E0BAD-B589-4A03-8684-5666B9AC706C}.Release|x64.ActiveCfg = Release|x64
		{901E0BAD-B589-4A03-8684-5666B9AC706C}.Release|x64.Build.0 = Release|x64
		{901E0BAD-B589-4A03-8684-5666B9AC706C}.Release|x86.ActiveCfg = Release|Win32
		{901E0BAD-B589-4A03-8684-5666B9AC706C}.Release|x86.Build.0 = Release|Win32
	EndGlobalSection
	GlobalSection(SolutionProperties) = preSolution
		HideSolutionNode = FALSE
	EndGlobalSection
	GlobalSection(ExtensibilityGlobals) = postSolution
		SolutionGuid = {875C9D7F-C6B7-44F0-938C-8E7B0F1EFF9A}
	EndGlobalSection
EndGlobal
